{
  "nodes": {
    "claude-sandbox": {
      "inputs": {
        "lefthook": [
          "lefthook"
        ],
        "nixpkgs": [
          "nixpkgs"
        ]
      },
      "locked": {
        "lastModified": 1790977512,
        "narHash": "sha256-CfyiGaRap2NRy24VxElwGrmxh40pk2AWrtlqy9hp380=",
        "owner": "Runeword",
        "repo": "claude-sandbox",
        "rev": "384b706ba61caeeb218355b7fb9524d0158a49d5",
        "type": "github"
      },
      "original": {
        "owner": "Runeword",
        "repo": "claude-sandbox",
        "type": "github"
      }
    },
    "flake-utils": {
      "inputs": {
        "systems": "systems"
      },
      "locked": {
        "lastModified": 1731533236,
        "narHash": "sha256-l0KFg5HjrsfsO/JpG+r7fRrqm12kzFHyUHqHCVpMMbI=",
        "owner": "numtide",
        "repo": "flake-utils",
        "rev": "11707dc2f618dd54ca8739b309ec4fc024de578b",
        "type": "github"
      },
      "original": {
        "owner": "numtide",
        "repo": "flake-utils",
        "type": "github"
      }
    },
    "lefthook": {
      "inputs": {
        "nixpkgs": [
          "nixpkgs"
        ]
      },
      "locked": {
        "lastModified": 1786826527,
        "narHash": "sha256-1w1VdN6vciuxz4f8GvuxGXiH0/2bjiZJzZ9zlPc/3jg=",
        "owner": "Runeword",
        "repo": "lefthook",
        "rev": "8a98352a549e2ce058aa57f8cbce34ad622d774e",
        "type": "github"
      },
      "original": {
        "owner": "Runeword",
        "repo": "lefthook",
        "type": "github"
      }
    },
    "lefthook_2": {
      "inputs": {
        "nixpkgs": [
          "permeance",
          "nixpkgs"
        ]
      },
      "locked": {
        "lastModified": 1785073849,
        "narHash": "sha256-9x8SN4VqNGSfMYbOTouwYNL4bG4+qvzbugtj2tjo6/A=",
        "owner": "Runeword",
        "repo": "lefthook",
        "rev": "5142d15f7b825799bc104ea23b75682478e7b420",
        "type": "github"
      },
      "original": {
        "owner": "Runeword",
        "repo": "lefthook",
        "type": "github"
      }
    },
    "nix-index-database": {
      "inputs": {
        "nixpkgs": [
          "nixpkgs"
        ]
      },
      "locked": {
        "lastModified": 1791105314,
        "narHash": "sha256-oTM7QFgRQ+vxBpMBMc7hEYpqBtpXAzXu2xuB/tru84U=",
        "owner": "nix-community",
        "repo": "nix-index-database",
        "rev": "e740bc4e9d8918d7819a51486d5099930c65c72e",
        "type": "github"
      },
      "original": {
        "owner": "nix-community",
        "repo": "nix-index-database",
        "type": "github"
      }
    },
    "nixpkgs": {
      "locked": {
        "lastModified": 1790480522,
        "narHash": "sha256-fXrm/q9klVBtVq5rGQ+XpI/dokPuSB15ZK2CZvWxXOk=",
        "owner": "NixOS",
        "repo": "nixpkgs",
        "rev": "8d5d270900d3fc75655ea2d9d248b234f6631439",
        "type": "github"
      },
      "original": {
        "owner": "NixOS",
        "ref": "nixpkgs-unstable",
        "repo": "nixpkgs",
        "type": "github"
      }
    },
    "nixpkgs-24-05": {
      "locked": {
        "lastModified": 1735564410,
        "narHash": "sha256-HB/FA0+1gpSs8+/boEavrGJH+Eq08/R2wWNph1sM1Dg=",
        "owner": "NixOS",
        "repo": "nixpkgs",
        "rev": "1e7a8f391f1a490460760065fa0630b5520f9cf8",
        "type": "github"
      },
      "original": {
        "owner": "NixOS",
        "ref": "nixpkgs-24.05-darwin",
        "repo": "nixpkgs",
        "type": "github"
      }
    },
    "permeance": {
      "inputs": {
        "lefthook": "lefthook_2",
        "nixpkgs": [
          "nixpkgs"
        ]
      },
      "locked": {
        "lastModified": 1790452393,
        "narHash": "sha256-PoZNoIpp0VdEz9W8fMoj5sSSb5CleFwfNU/J2ZRjL/w=",
        "owner": "Runeword",
        "repo": "permeance",
        "rev": "d9b692fa920be800b167dc91e7a006552ea560ae",
        "type": "github"
      },
      "original": {
        "owner": "Runeword",
        "repo": "permeance",
        "type": "github"
      }
    },
    "root": {
      "inputs": {
        "claude-sandbox": "claude-sandbox",
        "flake-utils": "flake-utils",
        "lefthook": "lefthook",
        "nix-index-database": "nix-index-database",
        "nixpkgs": "nixpkgs",
        "nixpkgs-24-05": "nixpkgs-24-05",
        "permeance": "permeance"
      }
    },
    "systems": {
      "locked": {
        "lastModified": 1681028828,
        "narHash": "sha256-Vy1rq5AaRuLzOxct8nz4T6wlgyUR7zLU309k9mBC768=",
        "owner": "nix-systems",
        "repo": "default",
        "rev": "da67096a3b9bf56a91d16901293e51ba5b49a27e",
        "type": "github"
      },
      "original": {
        "owner": "nix-systems",
        "repo": "default",
        "type": "github"
      }
    }
  },
  "root": "root",
  "version": 7
}
