{
  "nodes": {
    "ast-grep-skill": {
      "flake": false,
      "locked": {
        "lastModified": 1769044697,
        "narHash": "sha256-LgGFtPieyKtoru22AhHW8hvkJ8kCHO2Cr8rBOWGuxvY=",
        "owner": "ast-grep",
        "repo": "agent-skill",
        "rev": "577f4d4507678f2c8cee150fae25e6ce309f70b1",
        "type": "github"
      },
      "original": {
        "owner": "ast-grep",
        "repo": "agent-skill",
        "type": "github"
      }
    },
    "flake-utils": {
      "inputs": {
        "systems": "systems"
      },
      "locked": {
        "lastModified": 1731533236,
        "narHash": "sha256-l0KFg5HjrsfsO/JpG+r7fRrqm12kzFHyUHqHCVpMMbI=",
        "owner": "numtide",
        "repo": "flake-utils",
        "rev": "11707dc2f618dd54ca8739b309ec4fc024de578b",
        "type": "github"
      },
      "original": {
        "owner": "numtide",
        "repo": "flake-utils",
        "type": "github"
      }
    },
    "mkdevshell": {
      "locked": {
        "lastModified": 1773868670,
        "narHash": "sha256-zyAUFF836C1bSjJh7oO8bzzcCBg5oway01mdmVjk+Xg=",
        "owner": "Runeword",
        "repo": "mkdevshell",
        "rev": "0488b5891ed890011a2d9316e7674d4ba7c18027",
        "type": "github"
      },
      "original": {
        "owner": "Runeword",
        "repo": "mkdevshell",
        "type": "github"
      }
    },
    "nixpkgs": {
      "locked": {
        "lastModified": 1774106199,
        "narHash": "sha256-US5Tda2sKmjrg2lNHQL3jRQ6p96cgfWh3J1QBliQ8Ws=",
        "owner": "NixOS",
        "repo": "nixpkgs",
        "rev": "6c9a78c09ff4d6c21d0319114873508a6ec01655",
        "type": "github"
      },
      "original": {
        "owner": "NixOS",
        "ref": "nixos-unstable",
        "repo": "nixpkgs",
        "type": "github"
      }
    },
    "nixpkgs-24-05": {
      "locked": {
        "lastModified": 1735563628,
        "narHash": "sha256-OnSAY7XDSx7CtDoqNh8jwVwh4xNL/2HaJxGjryLWzX8=",
        "owner": "NixOS",
        "repo": "nixpkgs",
        "rev": "b134951a4c9f3c995fd7be05f3243f8ecd65d798",
        "type": "github"
      },
      "original": {
        "owner": "NixOS",
        "ref": "nixos-24.05",
        "repo": "nixpkgs",
        "type": "github"
      }
    },
    "nixpkgs-25-11": {
      "locked": {
        "lastModified": 1772598333,
        "narHash": "sha256-YaHht/C35INEX3DeJQNWjNaTcPjYmBwwjFJ2jdtr+5U=",
        "owner": "NixOS",
        "repo": "nixpkgs",
        "rev": "fabb8c9deee281e50b1065002c9828f2cf7b2239",
        "type": "github"
      },
      "original": {
        "owner": "NixOS",
        "ref": "nixos-25.11",
        "repo": "nixpkgs",
        "type": "github"
      }
    },
    "root": {
      "inputs": {
        "ast-grep-skill": "ast-grep-skill",
        "flake-utils": "flake-utils",
        "mkdevshell": "mkdevshell",
        "nixpkgs": "nixpkgs",
        "nixpkgs-24-05": "nixpkgs-24-05",
        "nixpkgs-25-11": "nixpkgs-25-11"
      }
    },
    "systems": {
      "locked": {
        "lastModified": 1681028828,
        "narHash": "sha256-Vy1rq5AaRuLzOxct8nz4T6wlgyUR7zLU309k9mBC768=",
        "owner": "nix-systems",
        "repo": "default",
        "rev": "da67096a3b9bf56a91d16901293e51ba5b49a27e",
        "type": "github"
      },
      "original": {
        "owner": "nix-systems",
        "repo": "default",
        "type": "github"
      }
    }
  },
  "root": "root",
  "version": 7
}
